
Microsoft Visual Studio Solution File, Format Version 12.00
# Visual Studio Version 17
VisualStudioVersion = 17.10.35027.167
MinimumVisualStudioVersion = 10.0.40219.1
Project("{FAE04EC0-301F-11D3-BF4B-00C04F79EFBC}") = "Final_BrandonArgenalAlmanza", "Final_BrandonArgenalAlmanza\Final_BrandonArgenalAlmanza.csproj", "{6170B91E-CD28-4012-9F36-05C6BDE81F76}"
EndProject
Global
	GlobalSection(SolutionConfigurationPlatforms) = preSolution
		Debug|Any CPU = Debug|Any CPU
		Release|Any CPU = Release|Any CPU
	EndGlobalSection
	GlobalSection(ProjectConfigurationPlatforms) = postSolution
		{6170B91E-CD28-4012-9F36-05C6BDE81F76}.Debug|Any CPU.ActiveCfg = Debug|Any CPU
		{6170B91E-CD28-4012-9F36-05C6BDE81F76}.Debug|Any CPU.Build.0 = Debug|Any CPU
		{6170B91E-CD28-4012-9F36-05C6BDE81F76}.Release|Any CPU.ActiveCfg = Release|Any CPU
		{6170B91E-CD28-4012-9F36-05C6BDE81F76}.Release|Any CPU.Build.0 = Release|Any CPU
	EndGlobalSection
	GlobalSection(SolutionProperties) = preSolution
		HideSolutionNode = FALSE
	EndGlobalSection
	GlobalSection(ExtensibilityGlobals) = postSolution
		SolutionGuid = {1AF19B99-A333-432B-8038-D60D7EC8BBE7}
	EndGlobalSection
EndGlobal
